
Microsoft Visual Studio Solution File, Format Version 12.00
# Visual Studio Version 16
VisualStudioVersion = 16.0.31129.286
MinimumVisualStudioVersion = 10.0.40219.1
Project("{FAE04EC0-301F-11D3-BF4B-00C04F79EFBC}") = "ContosoUniversity", "ContosoUniversity.csproj", "{FA4534D6-9A5C-46B4-B9AB-0C4B36FAAF2A}"
EndProject
Global
	GlobalSection(SolutionConfigurationPlatforms) = preSolution
		Debug|Any CPU = Debug|Any CPU
		Release|Any CPU = Release|Any CPU
	EndGlobalSection
	GlobalSection(ProjectConfigurationPlatforms) = postSolution
		{FA4534D6-9A5C-46B4-B9AB-0C4B36FAAF2A}.Debug|Any CPU.ActiveCfg = Debug|Any CPU
		{FA4534D6-9A5C-46B4-B9AB-0C4B36FAAF2A}.Debug|Any CPU.Build.0 = Debug|Any CPU
		{FA4534D6-9A5C-46B4-B9AB-0C4B36FAAF2A}.Release|Any CPU.ActiveCfg = Release|Any CPU
		{FA4534D6-9A5C-46B4-B9AB-0C4B36FAAF2A}.Release|Any CPU.Build.0 = Release|Any CPU
	EndGlobalSection
	GlobalSection(SolutionProperties) = preSolution
		HideSolutionNode = FALSE
	EndGlobalSection
	GlobalSection(ExtensibilityGlobals) = postSolution
		SolutionGuid = {3D0A6544-407E-4D60-8C13-BA782B29BB13}
	EndGlobalSection
EndGlobal
